
Microsoft Visual Studio Solution File, Format Version 12.00
# Visual Studio Version 16
VisualStudioVersion = 16.0.31729.503
MinimumVisualStudioVersion = 10.0.40219.1
Project("{FAE04EC0-301F-11D3-BF4B-00C04F79EFBC}") = "exercicio_abstração", "exercicio_abstração.csproj", "{008CFC9B-F728-4F2D-A8EF-30ED122EF13D}"
EndProject
Global
	GlobalSection(SolutionConfigurationPlatforms) = preSolution
		Debug|Any CPU = Debug|Any CPU
		Release|Any CPU = Release|Any CPU
	EndGlobalSection
	GlobalSection(ProjectConfigurationPlatforms) = postSolution
		{008CFC9B-F728-4F2D-A8EF-30ED122EF13D}.Debug|Any CPU.ActiveCfg = Debug|Any CPU
		{008CFC9B-F728-4F2D-A8EF-30ED122EF13D}.Debug|Any CPU.Build.0 = Debug|Any CPU
		{008CFC9B-F728-4F2D-A8EF-30ED122EF13D}.Release|Any CPU.ActiveCfg = Release|Any CPU
		{008CFC9B-F728-4F2D-A8EF-30ED122EF13D}.Release|Any CPU.Build.0 = Release|Any CPU
	EndGlobalSection
	GlobalSection(SolutionProperties) = preSolution
		HideSolutionNode = FALSE
	EndGlobalSection
	GlobalSection(ExtensibilityGlobals) = postSolution
		SolutionGuid = {E5395489-B5C3-4664-A22C-6A0D768C5688}
	EndGlobalSection
EndGlobal
